
Microsoft Visual Studio Solution File, Format Version 12.00
# Visual Studio Version 17
VisualStudioVersion = 17.7.34031.279
MinimumVisualStudioVersion = 10.0.40219.1
Project("{FAE04EC0-301F-11D3-BF4B-00C04F79EFBC}") = "ejercicio9Repaso", "ejercicio9Repaso.csproj", "{76BE7D3C-3118-45EC-8B4F-2A7047EF4A95}"
EndProject
Global
	GlobalSection(SolutionConfigurationPlatforms) = preSolution
		Debug|Any CPU = Debug|Any CPU
		Release|Any CPU = Release|Any CPU
	EndGlobalSection
	GlobalSection(ProjectConfigurationPlatforms) = postSolution
		{76BE7D3C-3118-45EC-8B4F-2A7047EF4A95}.Debug|Any CPU.ActiveCfg = Debug|Any CPU
		{76BE7D3C-3118-45EC-8B4F-2A7047EF4A95}.Debug|Any CPU.Build.0 = Debug|Any CPU
		{76BE7D3C-3118-45EC-8B4F-2A7047EF4A95}.Release|Any CPU.ActiveCfg = Release|Any CPU
		{76BE7D3C-3118-45EC-8B4F-2A7047EF4A95}.Release|Any CPU.Build.0 = Release|Any CPU
	EndGlobalSection
	GlobalSection(SolutionProperties) = preSolution
		HideSolutionNode = FALSE
	EndGlobalSection
	GlobalSection(ExtensibilityGlobals) = postSolution
		SolutionGuid = {EC9744CE-7787-4356-AE84-4A51F607007F}
	EndGlobalSection
EndGlobal
